
Microsoft Visual Studio Solution File, Format Version 12.00
# Visual Studio Version 16
VisualStudioVersion = 16.0.29905.134
MinimumVisualStudioVersion = 10.0.40219.1
Project("{FAE04EC0-301F-11D3-BF4B-00C04F79EFBC}") = "TestMe", "TestMe.csproj", "{C56D5B41-F4FE-4571-AEFE-0FDC70F1CD2B}"
EndProject
Project("{2150E333-8FDC-42A3-9474-1A3956D46DE8}") = "Solution Items", "Solution Items", "{37B8D0F6-7822-4001-85E4-C1AF02D61D29}"
	ProjectSection(SolutionItems) = preProject
		.editorconfig = .editorconfig
	EndProjectSection
EndProject
Global
	GlobalSection(SolutionConfigurationPlatforms) = preSolution
		Debug|Any CPU = Debug|Any CPU
		Release|Any CPU = Release|Any CPU
	EndGlobalSection
	GlobalSection(ProjectConfigurationPlatforms) = postSolution
		{C56D5B41-F4FE-4571-AEFE-0FDC70F1CD2B}.Debug|Any CPU.ActiveCfg = Debug|Any CPU
		{C56D5B41-F4FE-4571-AEFE-0FDC70F1CD2B}.Debug|Any CPU.Build.0 = Debug|Any CPU
		{C56D5B41-F4FE-4571-AEFE-0FDC70F1CD2B}.Debug|Any CPU.Deploy.0 = Debug|Any CPU
		{C56D5B41-F4FE-4571-AEFE-0FDC70F1CD2B}.Release|Any CPU.ActiveCfg = Release|Any CPU
		{C56D5B41-F4FE-4571-AEFE-0FDC70F1CD2B}.Release|Any CPU.Build.0 = Release|Any CPU
		{C56D5B41-F4FE-4571-AEFE-0FDC70F1CD2B}.Release|Any CPU.Deploy.0 = Release|Any CPU
	EndGlobalSection
	GlobalSection(SolutionProperties) = preSolution
		HideSolutionNode = FALSE
	EndGlobalSection
	GlobalSection(ExtensibilityGlobals) = postSolution
		SolutionGuid = {537D8574-A285-4E52-928D-0FE52A3218A0}
	EndGlobalSection
EndGlobal
